
Microsoft Visual Studio Solution File, Format Version 12.00
# Visual Studio Version 17
VisualStudioVersion = 17.14.37411.7 d17.14
MinimumVisualStudioVersion = 10.0.40219.1
Project("{FAE04EC0-301F-11D3-BF4B-00C04F79EFBC}") = "FarmAPI", "FarmAPI\FarmAPI.csproj", "{57760FB5-E73B-4920-B3A0-648AC0F8EF8A}"
EndProject
Global
	GlobalSection(SolutionConfigurationPlatforms) = preSolution
		Debug|Any CPU = Debug|Any CPU
		Release|Any CPU = Release|Any CPU
	EndGlobalSection
	GlobalSection(ProjectConfigurationPlatforms) = postSolution
		{57760FB5-E73B-4920-B3A0-648AC0F8EF8A}.Debug|Any CPU.ActiveCfg = Debug|Any CPU
		{57760FB5-E73B-4920-B3A0-648AC0F8EF8A}.Debug|Any CPU.Build.0 = Debug|Any CPU
		{57760FB5-E73B-4920-B3A0-648AC0F8EF8A}.Release|Any CPU.ActiveCfg = Release|Any CPU
		{57760FB5-E73B-4920-B3A0-648AC0F8EF8A}.Release|Any CPU.Build.0 = Release|Any CPU
	EndGlobalSection
	GlobalSection(SolutionProperties) = preSolution
		HideSolutionNode = FALSE
	EndGlobalSection
	GlobalSection(ExtensibilityGlobals) = postSolution
		SolutionGuid = {5BA114F6-F5C0-4778-BA1A-5F0B38689F40}
	EndGlobalSection
EndGlobal
